
Microsoft Visual Studio Solution File, Format Version 12.00
# Visual Studio 15
VisualStudioVersion = 15.0.27703.2000
MinimumVisualStudioVersion = 10.0.40219.1
Project("{FAE04EC0-301F-11D3-BF4B-00C04F79EFBC}") = "ClickCounter", "ClickCounter\ClickCounter.csproj", "{6F6EB2AE-D13B-4B5D-A3F0-1A9CB38D109D}"
EndProject
Global
	GlobalSection(SolutionConfigurationPlatforms) = preSolution
		Debug|Any CPU = Debug|Any CPU
		Release|Any CPU = Release|Any CPU
	EndGlobalSection
	GlobalSection(ProjectConfigurationPlatforms) = postSolution
		{6F6EB2AE-D13B-4B5D-A3F0-1A9CB38D109D}.Debug|Any CPU.ActiveCfg = Debug|Any CPU
		{6F6EB2AE-D13B-4B5D-A3F0-1A9CB38D109D}.Debug|Any CPU.Build.0 = Debug|Any CPU
		{6F6EB2AE-D13B-4B5D-A3F0-1A9CB38D109D}.Release|Any CPU.ActiveCfg = Release|Any CPU
		{6F6EB2AE-D13B-4B5D-A3F0-1A9CB38D109D}.Release|Any CPU.Build.0 = Release|Any CPU
	EndGlobalSection
	GlobalSection(SolutionProperties) = preSolution
		HideSolutionNode = FALSE
	EndGlobalSection
	GlobalSection(ExtensibilityGlobals) = postSolution
		SolutionGuid = {10E22D54-13AB-4B39-A4C4-6DB80BC36223}
	EndGlobalSection
EndGlobal
